{
	"name": "@nightcycle/reqwest",
	"version": "1.0.2",
	"lockfileVersion": 3,
	"requires": true,
	"packages": {
		"": {
			"name": "@nightcycle/reqwest",
			"version": "1.0.2",
			"license": "Apache-2.0",
			"dependencies": {
				"@nightcycle/error": "^0",
				"@nightcycle/future": "^0",
				"@nightcycle/hash-map": "^0",
				"@nightcycle/lune-util": "^0",
				"@nightcycle/option": "^0",
				"@nightcycle/result": "^0",
				"@nightcycle/vec": "^0"
			},
			"devDependencies": {
				"npmluau": "^0.1.1"
			}
		},
		"node_modules/@nightcycle/error": {
			"version": "0.5.3",
			"license": "Apache-2.0",
			"dependencies": {
				"@nightcycle/option": "^0"
			}
		},
		"node_modules/@nightcycle/future": {
			"version": "0.9.3",
			"license": "Apache-2.0",
			"dependencies": {
				"@nightcycle/error": "^0",
				"@nightcycle/lune-util": "^0",
				"@nightcycle/option": "^0",
				"@nightcycle/result": "^0"
			}
		},
		"node_modules/@nightcycle/hash-map": {
			"version": "0.4.0",
			"license": "Apache-2.0",
			"dependencies": {
				"@nightcycle/error": "^0",
				"@nightcycle/option": "^0",
				"@nightcycle/result": "^0",
				"@nightcycle/vec": "^0"
			}
		},
		"node_modules/@nightcycle/lune-util": {
			"version": "0.5.1",
			"resolved": "https://registry.npmjs.org/@nightcycle/lune-util/-/lune-util-0.5.1.tgz",
			"integrity": "sha512-lW1UA7E32AduyU998/iJGQo/1VdiIbYqXoNlmAfQwfTsUGmLx+WMo+CoP2tviEySLa9QgsLxFSCuRzoHsP9TiQ==",
			"license": "Apache-2.0",
			"dependencies": {
				"@nightcycle/error": "^0",
				"@nightcycle/option": "^0"
			}
		},
		"node_modules/@nightcycle/option": {
			"version": "0.7.0",
			"license": "Apache-2.0"
		},
		"node_modules/@nightcycle/result": {
			"version": "0.7.0",
			"license": "Apache-2.0",
			"dependencies": {
				"@nightcycle/error": "^0"
			}
		},
		"node_modules/@nightcycle/vec": {
			"version": "0.3.0",
			"license": "Apache-2.0",
			"dependencies": {
				"@nightcycle/error": "^0",
				"@nightcycle/option": "^0"
			}
		},
		"node_modules/commander": {
			"version": "11.1.0",
			"dev": true,
			"license": "MIT",
			"engines": {
				"node": ">=16"
			}
		},
		"node_modules/npmluau": {
			"version": "0.1.2",
			"dev": true,
			"license": "MIT",
			"dependencies": {
				"commander": "^11.0.0",
				"walkdir": "^0.4.1"
			},
			"bin": {
				"npmluau": "main.js"
			}
		},
		"node_modules/walkdir": {
			"version": "0.4.1",
			"dev": true,
			"license": "MIT",
			"engines": {
				"node": ">=6.0.0"
			}
		}
	}
}
